
Microsoft Visual Studio Solution File, Format Version 12.00
# Visual Studio 15
VisualStudioVersion = 15.0.27130.2010
MinimumVisualStudioVersion = 10.0.40219.1
Project("{9A19103F-16F7-4668-BE54-9A1E7A4F7556}") = "EamaShop.Identity.API", "src\Service\EamaShop.Identity.API\EamaShop.Identity.API.csproj", "{DD356182-2997-42FC-8141-003B0E5B3CD8}"
EndProject
Project("{9A19103F-16F7-4668-BE54-9A1E7A4F7556}") = "EamaShop.Identity.Services", "src\Service\EamaShop.Identity.Services\EamaShop.Identity.Services.csproj", "{0E85BA59-A6F9-4967-ABD3-BCF3FC552ECB}"
EndProject
Project("{2150E333-8FDC-42A3-9474-1A3956D46DE8}") = "src", "src", "{733FD522-DA14-45C4-A31C-8545F1374DF4}"
EndProject
Project("{2150E333-8FDC-42A3-9474-1A3956D46DE8}") = "Service", "Service", "{1A9634E7-A43B-4723-8B11-9F084F6EDE2D}"
EndProject
Global
	GlobalSection(SolutionConfigurationPlatforms) = preSolution
		Debug|Any CPU = Debug|Any CPU
		Release|Any CPU = Release|Any CPU
	EndGlobalSection
	GlobalSection(ProjectConfigurationPlatforms) = postSolution
		{DD356182-2997-42FC-8141-003B0E5B3CD8}.Debug|Any CPU.ActiveCfg = Debug|Any CPU
		{DD356182-2997-42FC-8141-003B0E5B3CD8}.Debug|Any CPU.Build.0 = Debug|Any CPU
		{DD356182-2997-42FC-8141-003B0E5B3CD8}.Release|Any CPU.ActiveCfg = Release|Any CPU
		{DD356182-2997-42FC-8141-003B0E5B3CD8}.Release|Any CPU.Build.0 = Release|Any CPU
		{0E85BA59-A6F9-4967-ABD3-BCF3FC552ECB}.Debug|Any CPU.ActiveCfg = Debug|Any CPU
		{0E85BA59-A6F9-4967-ABD3-BCF3FC552ECB}.Debug|Any CPU.Build.0 = Debug|Any CPU
		{0E85BA59-A6F9-4967-ABD3-BCF3FC552ECB}.Release|Any CPU.ActiveCfg = Release|Any CPU
		{0E85BA59-A6F9-4967-ABD3-BCF3FC552ECB}.Release|Any CPU.Build.0 = Release|Any CPU
	EndGlobalSection
	GlobalSection(SolutionProperties) = preSolution
		HideSolutionNode = FALSE
	EndGlobalSection
	GlobalSection(NestedProjects) = preSolution
		{DD356182-2997-42FC-8141-003B0E5B3CD8} = {1A9634E7-A43B-4723-8B11-9F084F6EDE2D}
		{0E85BA59-A6F9-4967-ABD3-BCF3FC552ECB} = {1A9634E7-A43B-4723-8B11-9F084F6EDE2D}
		{1A9634E7-A43B-4723-8B11-9F084F6EDE2D} = {733FD522-DA14-45C4-A31C-8545F1374DF4}
	EndGlobalSection
	GlobalSection(ExtensibilityGlobals) = postSolution
		SolutionGuid = {DFAE6E94-85F8-4D21-8F23-3AC729A4C40E}
	EndGlobalSection
EndGlobal
